// !$*UTF8*$!
{
	archiveVersion = 1;
	classes = {
	};
	objectVersion = 46;
	objects = {

/* Begin PBXBuildFile section */
		253A39C41BFEFF87005F00BE /* AppDelegate.swift in Sources */ = {isa = PBXBuildFile; fileRef = 253A39C31BFEFF87005F00BE /* AppDelegate.swift */; };
		253A39C61BFEFF87005F00BE /* ViewController.swift in Sources */ = {isa = PBXBuildFile; fileRef = 253A39C51BFEFF87005F00BE /* ViewController.swift */; };
		253A39C91BFEFF87005F00BE /* Main.storyboard in Resources */ = {isa = PBXBuildFile; fileRef = 253A39C71BFEFF87005F00BE /* Main.storyboard */; };
		253A39CB1BFEFF87005F00BE /* Assets.xcassets in Resources */ = {isa = PBXBuildFile; fileRef = 253A39CA1BFEFF87005F00BE /* Assets.xcassets */; };
		253A39CE1BFEFF87005F00BE /* LaunchScreen.storyboard in Resources */ = {isa = PBXBuildFile; fileRef = 253A39CC1BFEFF87005F00BE /* LaunchScreen.storyboard */; };
		253A39D91BFEFF87005F00BE /* NTGlossyButtonTests.swift in Sources */ = {isa = PBXBuildFile; fileRef = 253A39D81BFEFF87005F00BE /* NTGlossyButtonTests.swift */; };
/* End PBXBuildFile section */

/* Begin PBXContainerItemProxy section */
		253A39D51BFEFF87005F00BE /* PBXContainerItemProxy */ = {
			isa = PBXContainerItemProxy;
			containerPortal = 253A39B81BFEFF87005F00BE /* Project object */;
			proxyType = 1;
			remoteGlobalIDString = 253A39BF1BFEFF87005F00BE;
			remoteInfo = NTGlossyButton;
		};
/* End PBXContainerItemProxy section */

/* Begin PBXFileReference section */
		253A39C01BFEFF87005F00BE /* NTGlossyButton.app */ = {isa = PBXFileReference; explicitFileType = wrapper.application; includeInIndex = 0; path = NTGlossyButton.app; sourceTree = BUILT_PRODUCTS_DIR; };
		253A39C31BFEFF87005F00BE /* AppDelegate.swift */ = {isa = PBXFileReference; lastKnownFileType = sourcecode.swift; path = AppDelegate.swift; sourceTree = "<group>"; };
		253A39C51BFEFF87005F00BE /* ViewController.swift */ = {isa = PBXFileReference; lastKnownFileType = sourcecode.swift; path = ViewController.swift; sourceTree = "<group>"; };
		253A39C81BFEFF87005F00BE /* Base */ = {isa = PBXFileReference; lastKnownFileType = file.storyboard; name = Base; path = Base.lproj/Main.storyboard; sourceTree = "<group>"; };
		253A39CA1BFEFF87005F00BE /* Assets.xcassets */ = {isa = PBXFileReference; lastKnownFileType = folder.assetcatalog; path = Assets.xcassets; sourceTree = "<group>"; };
		253A39CD1BFEFF87005F00BE /* Base */ = {isa = PBXFileReference; lastKnownFileType = file.storyboard; name = Base; path = Base.lproj/LaunchScreen.storyboard; sourceTree = "<group>"; };
		253A39CF1BFEFF87005F00BE /* Info.plist */ = {isa = PBXFileReference; lastKnownFileType = text.plist.xml; path = Info.plist; sourceTree = "<group>"; };
		253A39D41BFEFF87005F00BE /* NTGlossyButtonTests.xctest */ = {isa = PBXFileReference; explicitFileType = wrapper.cfbundle; includeInIndex = 0; path = NTGlossyButtonTests.xctest; sourceTree = BUILT_PRODUCTS_DIR; };
		253A39D81BFEFF87005F00BE /* NTGlossyButtonTests.swift */ = {isa = PBXFileReference; lastKnownFileType = sourcecode.swift; path = NTGlossyButtonTests.swift; sourceTree = "<group>"; };
		253A39DA1BFEFF87005F00BE /* Info.plist */ = {isa = PBXFileReference; lastKnownFileType = text.plist.xml; path = Info.plist; sourceTree = "<group>"; };
/* End PBXFileReference section */

/* Begin PBXFrameworksBuildPhase section */
		253A39BD1BFEFF87005F00BE /* Frameworks */ = {
			isa = PBXFrameworksBuildPhase;
			buildActionMask = 2147483647;
			files = (
			);
			runOnlyForDeploymentPostprocessing = 0;
		};
		253A39D11BFEFF87005F00BE /* Frameworks */ = {
			isa = PBXFrameworksBuildPhase;
			buildActionMask = 2147483647;
			files = (
			);
			runOnlyForDeploymentPostprocessing = 0;
		};
/* End PBXFrameworksBuildPhase section */

/* Begin PBXGroup section */
		253A39B71BFEFF87005F00BE = {
			isa = PBXGroup;
			children = (
				253A39C21BFEFF87005F00BE /* NTGlossyButton */,
				253A39D71BFEFF87005F00BE /* NTGlossyButtonTests */,
				253A39C11BFEFF87005F00BE /* Products */,
			);
			sourceTree = "<group>";
		};
		253A39C11BFEFF87005F00BE /* Products */ = {
			isa = PBXGroup;
			children = (
				253A39C01BFEFF87005F00BE /* NTGlossyButton.app */,
				253A39D41BFEFF87005F00BE /* NTGlossyButtonTests.xctest */,
			);
			name = Products;
			sourceTree = "<group>";
		};
		253A39C21BFEFF87005F00BE /* NTGlossyButton */ = {
			isa = PBXGroup;
			children = (
				253A39C31BFEFF87005F00BE /* AppDelegate.swift */,
				253A39C51BFEFF87005F00BE /* ViewController.swift */,
				253A39C71BFEFF87005F00BE /* Main.storyboard */,
				253A39CA1BFEFF87005F00BE /* Assets.xcassets */,
				253A39CC1BFEFF87005F00BE /* LaunchScreen.storyboard */,
				253A39CF1BFEFF87005F00BE /* Info.plist */,
			);
			path = NTGlossyButton;
			sourceTree = "<group>";
		};
		253A39D71BFEFF87005F00BE /* NTGlossyButtonTests */ = {
			isa = PBXGroup;
			children = (
				253A39D81BFEFF87005F00BE /* NTGlossyButtonTests.swift */,
				253A39DA1BFEFF87005F00BE /* Info.plist */,
			);
			path = NTGlossyButtonTests;
			sourceTree = "<group>";
		};
/* End PBXGroup section */

/* Begin PBXNativeTarget section */
		253A39BF1BFEFF87005F00BE /* NTGlossyButton */ = {
			isa = PBXNativeTarget;
			buildConfigurationList = 253A39DD1BFEFF87005F00BE /* Build configuration list for PBXNativeTarget "NTGlossyButton" */;
			buildPhases = (
				253A39BC1BFEFF87005F00BE /* Sources */,
				253A39BD1BFEFF87005F00BE /* Frameworks */,
				253A39BE1BFEFF87005F00BE /* Resources */,
			);
			buildRules = (
			);
			dependencies = (
			);
			name = NTGlossyButton;
			productName = NTGlossyButton;
			productReference = 253A39C01BFEFF87005F00BE /* NTGlossyButton.app */;
			productType = "com.apple.product-type.application";
		};
		253A39D31BFEFF87005F00BE /* NTGlossyButtonTests */ = {
			isa = PBXNativeTarget;
			buildConfigurationList = 253A39E01BFEFF87005F00BE /* Build configuration list for PBXNativeTarget "NTGlossyButtonTests" */;
			buildPhases = (
				253A39D01BFEFF87005F00BE /* Sources */,
				253A39D11BFEFF87005F00BE /* Frameworks */,
				253A39D21BFEFF87005F00BE /* Resources */,
			);
			buildRules = (
			);
			dependencies = (
				253A39D61BFEFF87005F00BE /* PBXTargetDependency */,
			);
			name = NTGlossyButtonTests;
			productName = NTGlossyButtonTests;
			productReference = 253A39D41BFEFF87005F00BE /* NTGlossyButtonTests.xctest */;
			productType = "com.apple.product-type.bundle.unit-test";
		};
/* End PBXNativeTarget section */

/* Begin PBXProject section */
		253A39B81BFEFF87005F00BE /* Project object */ = {
			isa = PBXProject;
			attributes = {
				LastUpgradeCheck = 0700;
				ORGANIZATIONNAME = "Pham Nguyen Nhat Trung";
				TargetAttributes = {
					253A39BF1BFEFF87005F00BE = {
						CreatedOnToolsVersion = 7.0.1;
					};
					253A39D31BFEFF87005F00BE = {
						CreatedOnToolsVersion = 7.0.1;
						TestTargetID = 253A39BF1BFEFF87005F00BE;
					};
				};
			};
			buildConfigurationList = 253A39BB1BFEFF87005F00BE /* Build configuration list for PBXProject "NTGlossyButton" */;
			compatibilityVersion = "Xcode 3.2";
			developmentRegion = English;
			hasScannedForEncodings = 0;
			knownRegions = (
				en,
				Base,
			);
			mainGroup = 253A39B71BFEFF87005F00BE;
			productRefGroup = 253A39C11BFEFF87005F00BE /* Products */;
			projectDirPath = "";
			projectRoot = "";
			targets = (
				253A39BF1BFEFF87005F00BE /* NTGlossyButton */,
				253A39D31BFEFF87005F00BE /* NTGlossyButtonTests */,
			);
		};
/* End PBXProject section */

/* Begin PBXResourcesBuildPhase section */
		253A39BE1BFEFF87005F00BE /* Resources */ = {
			isa = PBXResourcesBuildPhase;
			buildActionMask = 2147483647;
			files = (
				253A39CE1BFEFF87005F00BE /* LaunchScreen.storyboard in Resources */,
				253A39CB1BFEFF87005F00BE /* Assets.xcassets in Resources */,
				253A39C91BFEFF87005F00BE /* Main.storyboard in Resources */,
			);
			runOnlyForDeploymentPostprocessing = 0;
		};
		253A39D21BFEFF87005F00BE /* Resources */ = {
			isa = PBXResourcesBuildPhase;
			buildActionMask = 2147483647;
			files = (
			);
			runOnlyForDeploymentPostprocessing = 0;
		};
/* End PBXResourcesBuildPhase section */

/* Begin PBXSourcesBuildPhase section */
		253A39BC1BFEFF87005F00BE /* Sources */ = {
			isa = PBXSourcesBuildPhase;
			buildActionMask = 2147483647;
			files = (
				253A39C61BFEFF87005F00BE /* ViewController.swift in Sources */,
				253A39C41BFEFF87005F00BE /* AppDelegate.swift in Sources */,
			);
			runOnlyForDeploymentPostprocessing = 0;
		};
		253A39D01BFEFF87005F00BE /* Sources */ = {
			isa = PBXSourcesBuildPhase;
			buildActionMask = 2147483647;
			files = (
				253A39D91BFEFF87005F00BE /* NTGlossyButtonTests.swift in Sources */,
			);
			runOnlyForDeploymentPostprocessing = 0;
		};
/* End PBXSourcesBuildPhase section */

/* Begin PBXTargetDependency section */
		253A39D61BFEFF87005F00BE /* PBXTargetDependency */ = {
			isa = PBXTargetDependency;
			target = 253A39BF1BFEFF87005F00BE /* NTGlossyButton */;
			targetProxy = 253A39D51BFEFF87005F00BE /* PBXContainerItemProxy */;
		};
/* End PBXTargetDependency section */

/* Begin PBXVariantGroup section */
		253A39C71BFEFF87005F00BE /* Main.storyboard */ = {
			isa = PBXVariantGroup;
			children = (
				253A39C81BFEFF87005F00BE /* Base */,
			);
			name = Main.storyboard;
			sourceTree = "<group>";
		};
		253A39CC1BFEFF87005F00BE /* LaunchScreen.storyboard */ = {
			isa = PBXVariantGroup;
			children = (
				253A39CD1BFEFF87005F00BE /* Base */,
			);
			name = LaunchScreen.storyboard;
			sourceTree = "<group>";
		};
/* End PBXVariantGroup section */

/* Begin XCBuildConfiguration section */
		253A39DB1BFEFF87005F00BE /* Debug */ = {
			isa = XCBuildConfiguration;
			buildSettings = {
				ALWAYS_SEARCH_USER_PATHS = NO;
				CLANG_CXX_LANGUAGE_STANDARD = "gnu++0x";
				CLANG_CXX_LIBRARY = "libc++";
				CLANG_ENABLE_MODULES = YES;
				CLANG_ENABLE_OBJC_ARC = YES;
				CLANG_WARN_BOOL_CONVERSION = YES;
				CLANG_WARN_CONSTANT_CONVERSION = YES;
				CLANG_WARN_DIRECT_OBJC_ISA_USAGE = YES_ERROR;
				CLANG_WARN_EMPTY_BODY = YES;
				CLANG_WARN_ENUM_CONVERSION = YES;
				CLANG_WARN_INT_CONVERSION = YES;
				CLANG_WARN_OBJC_ROOT_CLASS = YES_ERROR;
				CLANG_WARN_UNREACHABLE_CODE = YES;
				CLANG_WARN__DUPLICATE_METHOD_MATCH = YES;
				"CODE_SIGN_IDENTITY[sdk=iphoneos*]" = "iPhone Developer";
				COPY_PHASE_STRIP = NO;
				DEBUG_INFORMATION_FORMAT = dwarf;
				ENABLE_STRICT_OBJC_MSGSEND = YES;
				ENABLE_TESTABILITY = YES;
				GCC_C_LANGUAGE_STANDARD = gnu99;
				GCC_DYNAMIC_NO_PIC = NO;
				GCC_NO_COMMON_BLOCKS = YES;
				GCC_OPTIMIZATION_LEVEL = 0;
				GCC_PREPROCESSOR_DEFINITIONS = (
					"DEBUG=1",
					"$(inherited)",
				);
				GCC_WARN_64_TO_32_BIT_CONVERSION = YES;
				GCC_WARN_ABOUT_RETURN_TYPE = YES_ERROR;
				GCC_WARN_UNDECLARED_SELECTOR = YES;
				GCC_WARN_UNINITIALIZED_AUTOS = YES_AGGRESSIVE;
				GCC_WARN_UNUSED_FUNCTION = YES;
				GCC_WARN_UNUSED_VARIABLE = YES;
				IPHONEOS_DEPLOYMENT_TARGET = 9.0;
				MTL_ENABLE_DEBUG_INFO = YES;
				ONLY_ACTIVE_ARCH = YES;
				SDKROOT = iphoneos;
				SWIFT_OPTIMIZATION_LEVEL = "-Onone";
				TARGETED_DEVICE_FAMILY = "1,2";
			};
			name = Debug;
		};
		253A39DC1BFEFF87005F00BE /* Release */ = {
			isa = XCBuildConfiguration;
			buildSettings = {
				ALWAYS_SEARCH_USER_PATHS = NO;
				CLANG_CXX_LANGUAGE_STANDARD = "gnu++0x";
				CLANG_CXX_LIBRARY = "libc++";
				CLANG_ENABLE_MODULES = YES;
				CLANG_ENABLE_OBJC_ARC = YES;
				CLANG_WARN_BOOL_CONVERSION = YES;
				CLANG_WARN_CONSTANT_CONVERSION = YES;
				CLANG_WARN_DIRECT_OBJC_ISA_USAGE = YES_ERROR;
				CLANG_WARN_EMPTY_BODY = YES;
				CLANG_WARN_ENUM_CONVERSION = YES;
				CLANG_WARN_INT_CONVERSION = YES;
				CLANG_WARN_OBJC_ROOT_CLASS = YES_ERROR;
				CLANG_WARN_UNREACHABLE_CODE = YES;
				CLANG_WARN__DUPLICATE_METHOD_MATCH = YES;
				"CODE_SIGN_IDENTITY[sdk=iphoneos*]" = "iPhone Developer";
				COPY_PHASE_STRIP = NO;
				DEBUG_INFORMATION_FORMAT = "dwarf-with-dsym";
				ENABLE_NS_ASSERTIONS = NO;
				ENABLE_STRICT_OBJC_MSGSEND = YES;
				GCC_C_LANGUAGE_STANDARD = gnu99;
				GCC_NO_COMMON_BLOCKS = YES;
				GCC_WARN_64_TO_32_BIT_CONVERSION = YES;
				GCC_WARN_ABOUT_RETURN_TYPE = YES_ERROR;
				GCC_WARN_UNDECLARED_SELECTOR = YES;
				GCC_WARN_UNINITIALIZED_AUTOS = YES_AGGRESSIVE;
				GCC_WARN_UNUSED_FUNCTION = YES;
				GCC_WARN_UNUSED_VARIABLE = YES;
				IPHONEOS_DEPLOYMENT_TARGET = 9.0;
				MTL_ENABLE_DEBUG_INFO = NO;
				SDKROOT = iphoneos;
				TARGETED_DEVICE_FAMILY = "1,2";
				VALIDATE_PRODUCT = YES;
			};
			name = Release;
		};
		253A39DE1BFEFF87005F00BE /* Debug */ = {
			isa = XCBuildConfiguration;
			buildSettings = {
				ASSETCATALOG_COMPILER_APPICON_NAME = AppIcon;
				INFOPLIST_FILE = NTGlossyButton/Info.plist;
				LD_RUNPATH_SEARCH_PATHS = "$(inherited) @executable_path/Frameworks";
				PRODUCT_BUNDLE_IDENTIFIER = com.xmsofresh.NTGlossyButton;
				PRODUCT_NAME = "$(TARGET_NAME)";
			};
			name = Debug;
		};
		253A39DF1BFEFF87005F00BE /* Release */ = {
			isa = XCBuildConfiguration;
			buildSettings = {
				ASSETCATALOG_COMPILER_APPICON_NAME = AppIcon;
				INFOPLIST_FILE = NTGlossyButton/Info.plist;
				LD_RUNPATH_SEARCH_PATHS = "$(inherited) @executable_path/Frameworks";
				PRODUCT_BUNDLE_IDENTIFIER = com.xmsofresh.NTGlossyButton;
				PRODUCT_NAME = "$(TARGET_NAME)";
			};
			name = Release;
		};
		253A39E11BFEFF87005F00BE /* Debug */ = {
			isa = XCBuildConfiguration;
			buildSettings = {
				BUNDLE_LOADER = "$(TEST_HOST)";
				INFOPLIST_FILE = NTGlossyButtonTests/Info.plist;
				LD_RUNPATH_SEARCH_PATHS = "$(inherited) @executable_path/Frameworks @loader_path/Frameworks";
				PRODUCT_BUNDLE_IDENTIFIER = com.xmsofresh.NTGlossyButtonTests;
				PRODUCT_NAME = "$(TARGET_NAME)";
				TEST_HOST = "$(BUILT_PRODUCTS_DIR)/NTGlossyButton.app/NTGlossyButton";
			};
			name = Debug;
		};
		253A39E21BFEFF87005F00BE /* Release */ = {
			isa = XCBuildConfiguration;
			buildSettings = {
				BUNDLE_LOADER = "$(TEST_HOST)";
				INFOPLIST_FILE = NTGlossyButtonTests/Info.plist;
				LD_RUNPATH_SEARCH_PATHS = "$(inherited) @executable_path/Frameworks @loader_path/Frameworks";
				PRODUCT_BUNDLE_IDENTIFIER = com.xmsofresh.NTGlossyButtonTests;
				PRODUCT_NAME = "$(TARGET_NAME)";
				TEST_HOST = "$(BUILT_PRODUCTS_DIR)/NTGlossyButton.app/NTGlossyButton";
			};
			name = Release;
		};
/* End XCBuildConfiguration section */

/* Begin XCConfigurationList section */
		253A39BB1BFEFF87005F00BE /* Build configuration list for PBXProject "NTGlossyButton" */ = {
			isa = XCConfigurationList;
			buildConfigurations = (
				253A39DB1BFEFF87005F00BE /* Debug */,
				253A39DC1BFEFF87005F00BE /* Release */,
			);
			defaultConfigurationIsVisible = 0;
			defaultConfigurationName = Release;
		};
		253A39DD1BFEFF87005F00BE /* Build configuration list for PBXNativeTarget "NTGlossyButton" */ = {
			isa = XCConfigurationList;
			buildConfigurations = (
				253A39DE1BFEFF87005F00BE /* Debug */,
				253A39DF1BFEFF87005F00BE /* Release */,
			);
			defaultConfigurationIsVisible = 0;
		};
		253A39E01BFEFF87005F00BE /* Build configuration list for PBXNativeTarget "NTGlossyButtonTests" */ = {
			isa = XCConfigurationList;
			buildConfigurations = (
				253A39E11BFEFF87005F00BE /* Debug */,
				253A39E21BFEFF87005F00BE /* Release */,
			);
			defaultConfigurationIsVisible = 0;
		};
/* End XCConfigurationList section */
	};
	rootObject = 253A39B81BFEFF87005F00BE /* Project object */;
}
